
Microsoft Visual Studio Solution File, Format Version 12.00
# Visual Studio Version 17
VisualStudioVersion = 17.9.34622.214
MinimumVisualStudioVersion = 10.0.40219.1
Project("{FAE04EC0-301F-11D3-BF4B-00C04F79EFBC}") = "GalbenosFuncs", "GalbenosFuncs.csproj", "{08B0E46D-1C27-42FE-8F0F-58CB952B55EE}"
EndProject
Global
	GlobalSection(SolutionConfigurationPlatforms) = preSolution
		Debug|Any CPU = Debug|Any CPU
		Release|Any CPU = Release|Any CPU
	EndGlobalSection
	GlobalSection(ProjectConfigurationPlatforms) = postSolution
		{08B0E46D-1C27-42FE-8F0F-58CB952B55EE}.Debug|Any CPU.ActiveCfg = Debug|Any CPU
		{08B0E46D-1C27-42FE-8F0F-58CB952B55EE}.Debug|Any CPU.Build.0 = Debug|Any CPU
		{08B0E46D-1C27-42FE-8F0F-58CB952B55EE}.Release|Any CPU.ActiveCfg = Release|Any CPU
		{08B0E46D-1C27-42FE-8F0F-58CB952B55EE}.Release|Any CPU.Build.0 = Release|Any CPU
	EndGlobalSection
	GlobalSection(SolutionProperties) = preSolution
		HideSolutionNode = FALSE
	EndGlobalSection
	GlobalSection(ExtensibilityGlobals) = postSolution
		SolutionGuid = {30AA5473-7A35-4C2E-A261-B1D6453CC2CA}
	EndGlobalSection
EndGlobal
